
Microsoft Visual Studio Solution File, Format Version 12.00
# Visual Studio Version 17
VisualStudioVersion = 17.9.34902.65
MinimumVisualStudioVersion = 10.0.40219.1
Project("{FAE04EC0-301F-11D3-BF4B-00C04F79EFBC}") = "BulkyWeb", "BulkyWeb\BulkyWeb.csproj", "{37728BC7-2BAF-46A6-8EAE-859301E328E9}"
EndProject
Global
	GlobalSection(SolutionConfigurationPlatforms) = preSolution
		Debug|Any CPU = Debug|Any CPU
		Release|Any CPU = Release|Any CPU
	EndGlobalSection
	GlobalSection(ProjectConfigurationPlatforms) = postSolution
		{37728BC7-2BAF-46A6-8EAE-859301E328E9}.Debug|Any CPU.ActiveCfg = Debug|Any CPU
		{37728BC7-2BAF-46A6-8EAE-859301E328E9}.Debug|Any CPU.Build.0 = Debug|Any CPU
		{37728BC7-2BAF-46A6-8EAE-859301E328E9}.Release|Any CPU.ActiveCfg = Release|Any CPU
		{37728BC7-2BAF-46A6-8EAE-859301E328E9}.Release|Any CPU.Build.0 = Release|Any CPU
	EndGlobalSection
	GlobalSection(SolutionProperties) = preSolution
		HideSolutionNode = FALSE
	EndGlobalSection
	GlobalSection(ExtensibilityGlobals) = postSolution
		SolutionGuid = {685BF25B-D710-401F-8DA9-EC77FA092027}
	EndGlobalSection
EndGlobal
